
Microsoft Visual Studio Solution File, Format Version 12.00
# Visual Studio Version 17
VisualStudioVersion = 17.3.32825.248
MinimumVisualStudioVersion = 10.0.40219.1
Project("{FAE04EC0-301F-11D3-BF4B-00C04F79EFBC}") = "SeldonScannerAPI2", "SeldonScannerAPI2\SeldonScannerAPI2.csproj", "{A42ABEBA-F9B9-49B5-A062-3B8DA58BAE0D}"
EndProject
Project("{FAE04EC0-301F-11D3-BF4B-00C04F79EFBC}") = "StockScannerCommonCode", "StockScannerCommonCode\StockScannerCommonCode.csproj", "{90DAB34C-FAEA-466B-BEA8-12DF77984F57}"
EndProject
Global
	GlobalSection(SolutionConfigurationPlatforms) = preSolution
		Debug|Any CPU = Debug|Any CPU
		Release|Any CPU = Release|Any CPU
	EndGlobalSection
	GlobalSection(ProjectConfigurationPlatforms) = postSolution
		{A42ABEBA-F9B9-49B5-A062-3B8DA58BAE0D}.Debug|Any CPU.ActiveCfg = Debug|Any CPU
		{A42ABEBA-F9B9-49B5-A062-3B8DA58BAE0D}.Debug|Any CPU.Build.0 = Debug|Any CPU
		{A42ABEBA-F9B9-49B5-A062-3B8DA58BAE0D}.Release|Any CPU.ActiveCfg = Release|Any CPU
		{A42ABEBA-F9B9-49B5-A062-3B8DA58BAE0D}.Release|Any CPU.Build.0 = Release|Any CPU
		{90DAB34C-FAEA-466B-BEA8-12DF77984F57}.Debug|Any CPU.ActiveCfg = Debug|Any CPU
		{90DAB34C-FAEA-466B-BEA8-12DF77984F57}.Debug|Any CPU.Build.0 = Debug|Any CPU
		{90DAB34C-FAEA-466B-BEA8-12DF77984F57}.Release|Any CPU.ActiveCfg = Release|Any CPU
		{90DAB34C-FAEA-466B-BEA8-12DF77984F57}.Release|Any CPU.Build.0 = Release|Any CPU
	EndGlobalSection
	GlobalSection(SolutionProperties) = preSolution
		HideSolutionNode = FALSE
	EndGlobalSection
	GlobalSection(ExtensibilityGlobals) = postSolution
		SolutionGuid = {A16AC570-B3E6-41DC-BA31-BA8A0843774C}
	EndGlobalSection
EndGlobal
